
Microsoft Visual Studio Solution File, Format Version 12.00
# Visual Studio Version 17
VisualStudioVersion = 17.2.32526.322
MinimumVisualStudioVersion = 10.0.40219.1
Project("{9A19103F-16F7-4668-BE54-9A1E7A4F7556}") = "Airdrop", "airdrop\Airdrop.csproj", "{9F80AEA8-CD20-4FFB-9E9F-64422C952C85}"
EndProject
Project("{9A19103F-16F7-4668-BE54-9A1E7A4F7556}") = "BlockChain", "BlockChain\BlockChain.csproj", "{3B1C9238-4A5C-4199-84B0-5572E152BC12}"
EndProject
Project("{9A19103F-16F7-4668-BE54-9A1E7A4F7556}") = "Data", "data\Data.csproj", "{9948F010-92A1-4574-B9C5-EFED2B43F085}"
EndProject
Global
	GlobalSection(SolutionConfigurationPlatforms) = preSolution
		Debug|Any CPU = Debug|Any CPU
		Debug|x64 = Debug|x64
		Release|Any CPU = Release|Any CPU
		Release|x64 = Release|x64
	EndGlobalSection
	GlobalSection(ProjectConfigurationPlatforms) = postSolution
		{9F80AEA8-CD20-4FFB-9E9F-64422C952C85}.Debug|Any CPU.ActiveCfg = Debug|Any CPU
		{9F80AEA8-CD20-4FFB-9E9F-64422C952C85}.Debug|Any CPU.Build.0 = Debug|Any CPU
		{9F80AEA8-CD20-4FFB-9E9F-64422C952C85}.Debug|x64.ActiveCfg = Debug|x64
		{9F80AEA8-CD20-4FFB-9E9F-64422C952C85}.Debug|x64.Build.0 = Debug|x64
		{9F80AEA8-CD20-4FFB-9E9F-64422C952C85}.Release|Any CPU.ActiveCfg = Release|Any CPU
		{9F80AEA8-CD20-4FFB-9E9F-64422C952C85}.Release|Any CPU.Build.0 = Release|Any CPU
		{9F80AEA8-CD20-4FFB-9E9F-64422C952C85}.Release|x64.ActiveCfg = Release|x64
		{9F80AEA8-CD20-4FFB-9E9F-64422C952C85}.Release|x64.Build.0 = Release|x64
		{3B1C9238-4A5C-4199-84B0-5572E152BC12}.Debug|Any CPU.ActiveCfg = Debug|Any CPU
		{3B1C9238-4A5C-4199-84B0-5572E152BC12}.Debug|Any CPU.Build.0 = Debug|Any CPU
		{3B1C9238-4A5C-4199-84B0-5572E152BC12}.Debug|x64.ActiveCfg = Debug|x64
		{3B1C9238-4A5C-4199-84B0-5572E152BC12}.Debug|x64.Build.0 = Debug|x64
		{3B1C9238-4A5C-4199-84B0-5572E152BC12}.Release|Any CPU.ActiveCfg = Release|Any CPU
		{3B1C9238-4A5C-4199-84B0-5572E152BC12}.Release|Any CPU.Build.0 = Release|Any CPU
		{3B1C9238-4A5C-4199-84B0-5572E152BC12}.Release|x64.ActiveCfg = Release|x64
		{3B1C9238-4A5C-4199-84B0-5572E152BC12}.Release|x64.Build.0 = Release|x64
		{9948F010-92A1-4574-B9C5-EFED2B43F085}.Debug|Any CPU.ActiveCfg = Debug|Any CPU
		{9948F010-92A1-4574-B9C5-EFED2B43F085}.Debug|Any CPU.Build.0 = Debug|Any CPU
		{9948F010-92A1-4574-B9C5-EFED2B43F085}.Debug|x64.ActiveCfg = Debug|x64
		{9948F010-92A1-4574-B9C5-EFED2B43F085}.Debug|x64.Build.0 = Debug|x64
		{9948F010-92A1-4574-B9C5-EFED2B43F085}.Release|Any CPU.ActiveCfg = Release|Any CPU
		{9948F010-92A1-4574-B9C5-EFED2B43F085}.Release|Any CPU.Build.0 = Release|Any CPU
		{9948F010-92A1-4574-B9C5-EFED2B43F085}.Release|x64.ActiveCfg = Release|x64
		{9948F010-92A1-4574-B9C5-EFED2B43F085}.Release|x64.Build.0 = Release|x64
	EndGlobalSection
	GlobalSection(SolutionProperties) = preSolution
		HideSolutionNode = FALSE
	EndGlobalSection
	GlobalSection(ExtensibilityGlobals) = postSolution
		SolutionGuid = {482CFFE3-2769-4A39-88E6-0FEDBAE23D1F}
	EndGlobalSection
EndGlobal
